// !$*UTF8*$!
{
	archiveVersion = 1;
	classes = {
	};
	objectVersion = 48;
	objects = {

/* Begin PBXBuildFile section */
		1800046E20A17032003D35BD /* FinishGoalViewController.swift in Sources */ = {isa = PBXBuildFile; fileRef = 1800046D20A17032003D35BD /* FinishGoalViewController.swift */; };
		18CDEFC420A06B7E0016EBD2 /* AppDelegate.swift in Sources */ = {isa = PBXBuildFile; fileRef = 18CDEFC320A06B7E0016EBD2 /* AppDelegate.swift */; };
		18CDEFC620A06B7F0016EBD2 /* GoalViewController.swift in Sources */ = {isa = PBXBuildFile; fileRef = 18CDEFC520A06B7F0016EBD2 /* GoalViewController.swift */; };
		18CDEFC920A06B7F0016EBD2 /* Main.storyboard in Resources */ = {isa = PBXBuildFile; fileRef = 18CDEFC720A06B7F0016EBD2 /* Main.storyboard */; };
		18CDEFCC20A06B7F0016EBD2 /* Goalpost.xcdatamodeld in Sources */ = {isa = PBXBuildFile; fileRef = 18CDEFCA20A06B7F0016EBD2 /* Goalpost.xcdatamodeld */; };
		18CDEFCE20A06B7F0016EBD2 /* Assets.xcassets in Resources */ = {isa = PBXBuildFile; fileRef = 18CDEFCD20A06B7F0016EBD2 /* Assets.xcassets */; };
		18CDEFD120A06B7F0016EBD2 /* LaunchScreen.storyboard in Resources */ = {isa = PBXBuildFile; fileRef = 18CDEFCF20A06B7F0016EBD2 /* LaunchScreen.storyboard */; };
		18CDEFDE20A095530016EBD2 /* GoalTableViewCell.swift in Sources */ = {isa = PBXBuildFile; fileRef = 18CDEFDD20A095520016EBD2 /* GoalTableViewCell.swift */; };
		18CDEFE020A09FB80016EBD2 /* GoalType.swift in Sources */ = {isa = PBXBuildFile; fileRef = 18CDEFDF20A09FB80016EBD2 /* GoalType.swift */; };
		18CDEFE220A0A4BB0016EBD2 /* CreateGoalViewController.swift in Sources */ = {isa = PBXBuildFile; fileRef = 18CDEFE120A0A4BB0016EBD2 /* CreateGoalViewController.swift */; };
		18CDEFE420A0B59F0016EBD2 /* UIViewControllerExtension.swift in Sources */ = {isa = PBXBuildFile; fileRef = 18CDEFE320A0B59F0016EBD2 /* UIViewControllerExtension.swift */; };
		18CDEFE620A0BF5D0016EBD2 /* UIViewExtension.swift in Sources */ = {isa = PBXBuildFile; fileRef = 18CDEFE520A0BF5D0016EBD2 /* UIViewExtension.swift */; };
		18CDEFE820A0BF6B0016EBD2 /* UiButtonExtension.swift in Sources */ = {isa = PBXBuildFile; fileRef = 18CDEFE720A0BF6B0016EBD2 /* UiButtonExtension.swift */; };
/* End PBXBuildFile section */

/* Begin PBXFileReference section */
		1800046D20A17032003D35BD /* FinishGoalViewController.swift */ = {isa = PBXFileReference; fileEncoding = 4; lastKnownFileType = sourcecode.swift; path = FinishGoalViewController.swift; sourceTree = "<group>"; };
		18CDEFC020A06B7E0016EBD2 /* Goalpost.app */ = {isa = PBXFileReference; explicitFileType = wrapper.application; includeInIndex = 0; path = Goalpost.app; sourceTree = BUILT_PRODUCTS_DIR; };
		18CDEFC320A06B7E0016EBD2 /* AppDelegate.swift */ = {isa = PBXFileReference; lastKnownFileType = sourcecode.swift; path = AppDelegate.swift; sourceTree = "<group>"; };
		18CDEFC520A06B7F0016EBD2 /* GoalViewController.swift */ = {isa = PBXFileReference; lastKnownFileType = sourcecode.swift; path = GoalViewController.swift; sourceTree = "<group>"; };
		18CDEFC820A06B7F0016EBD2 /* Base */ = {isa = PBXFileReference; lastKnownFileType = file.storyboard; name = Base; path = Base.lproj/Main.storyboard; sourceTree = "<group>"; };
		18CDEFCB20A06B7F0016EBD2 /* Goalpost.xcdatamodel */ = {isa = PBXFileReference; lastKnownFileType = wrapper.xcdatamodel; path = Goalpost.xcdatamodel; sourceTree = "<group>"; };
		18CDEFCD20A06B7F0016EBD2 /* Assets.xcassets */ = {isa = PBXFileReference; lastKnownFileType = folder.assetcatalog; path = Assets.xcassets; sourceTree = "<group>"; };
		18CDEFD020A06B7F0016EBD2 /* Base */ = {isa = PBXFileReference; lastKnownFileType = file.storyboard; name = Base; path = Base.lproj/LaunchScreen.storyboard; sourceTree = "<group>"; };
		18CDEFD220A06B7F0016EBD2 /* Info.plist */ = {isa = PBXFileReference; lastKnownFileType = text.plist.xml; path = Info.plist; sourceTree = "<group>"; };
		18CDEFDD20A095520016EBD2 /* GoalTableViewCell.swift */ = {isa = PBXFileReference; lastKnownFileType = sourcecode.swift; path = GoalTableViewCell.swift; sourceTree = "<group>"; };
		18CDEFDF20A09FB80016EBD2 /* GoalType.swift */ = {isa = PBXFileReference; lastKnownFileType = sourcecode.swift; path = GoalType.swift; sourceTree = "<group>"; };
		18CDEFE120A0A4BB0016EBD2 /* CreateGoalViewController.swift */ = {isa = PBXFileReference; lastKnownFileType = sourcecode.swift; path = CreateGoalViewController.swift; sourceTree = "<group>"; };
		18CDEFE320A0B59F0016EBD2 /* UIViewControllerExtension.swift */ = {isa = PBXFileReference; lastKnownFileType = sourcecode.swift; path = UIViewControllerExtension.swift; sourceTree = "<group>"; };
		18CDEFE520A0BF5D0016EBD2 /* UIViewExtension.swift */ = {isa = PBXFileReference; lastKnownFileType = sourcecode.swift; path = UIViewExtension.swift; sourceTree = "<group>"; };
		18CDEFE720A0BF6B0016EBD2 /* UiButtonExtension.swift */ = {isa = PBXFileReference; lastKnownFileType = sourcecode.swift; path = UiButtonExtension.swift; sourceTree = "<group>"; };
/* End PBXFileReference section */

/* Begin PBXFrameworksBuildPhase section */
		18CDEFBD20A06B7E0016EBD2 /* Frameworks */ = {
			isa = PBXFrameworksBuildPhase;
			buildActionMask = 2147483647;
			files = (
			);
			runOnlyForDeploymentPostprocessing = 0;
		};
/* End PBXFrameworksBuildPhase section */

/* Begin PBXGroup section */
		18CDEFB720A06B7E0016EBD2 = {
			isa = PBXGroup;
			children = (
				18CDEFC220A06B7E0016EBD2 /* Goalpost */,
				18CDEFC120A06B7E0016EBD2 /* Products */,
			);
			sourceTree = "<group>";
		};
		18CDEFC120A06B7E0016EBD2 /* Products */ = {
			isa = PBXGroup;
			children = (
				18CDEFC020A06B7E0016EBD2 /* Goalpost.app */,
			);
			name = Products;
			sourceTree = "<group>";
		};
		18CDEFC220A06B7E0016EBD2 /* Goalpost */ = {
			isa = PBXGroup;
			children = (
				18CDEFDC20A06EDE0016EBD2 /* Enums */,
				18CDEFDB20A06ED50016EBD2 /* Extensions */,
				18CDEFD920A06EC60016EBD2 /* View */,
				18CDEFD820A06EAC0016EBD2 /* Controller */,
				18CDEFC720A06B7F0016EBD2 /* Main.storyboard */,
				18CDEFC320A06B7E0016EBD2 /* AppDelegate.swift */,
				18CDEFCD20A06B7F0016EBD2 /* Assets.xcassets */,
				18CDEFCF20A06B7F0016EBD2 /* LaunchScreen.storyboard */,
				18CDEFD220A06B7F0016EBD2 /* Info.plist */,
				18CDEFCA20A06B7F0016EBD2 /* Goalpost.xcdatamodeld */,
			);
			path = Goalpost;
			sourceTree = "<group>";
		};
		18CDEFD820A06EAC0016EBD2 /* Controller */ = {
			isa = PBXGroup;
			children = (
				18CDEFC520A06B7F0016EBD2 /* GoalViewController.swift */,
				18CDEFE120A0A4BB0016EBD2 /* CreateGoalViewController.swift */,
				1800046D20A17032003D35BD /* FinishGoalViewController.swift */,
			);
			path = Controller;
			sourceTree = "<group>";
		};
		18CDEFD920A06EC60016EBD2 /* View */ = {
			isa = PBXGroup;
			children = (
				18CDEFDD20A095520016EBD2 /* GoalTableViewCell.swift */,
			);
			path = View;
			sourceTree = "<group>";
		};
		18CDEFDB20A06ED50016EBD2 /* Extensions */ = {
			isa = PBXGroup;
			children = (
				18CDEFE320A0B59F0016EBD2 /* UIViewControllerExtension.swift */,
				18CDEFE520A0BF5D0016EBD2 /* UIViewExtension.swift */,
				18CDEFE720A0BF6B0016EBD2 /* UiButtonExtension.swift */,
			);
			path = Extensions;
			sourceTree = "<group>";
		};
		18CDEFDC20A06EDE0016EBD2 /* Enums */ = {
			isa = PBXGroup;
			children = (
				18CDEFDF20A09FB80016EBD2 /* GoalType.swift */,
			);
			path = Enums;
			sourceTree = "<group>";
		};
/* End PBXGroup section */

/* Begin PBXNativeTarget section */
		18CDEFBF20A06B7E0016EBD2 /* Goalpost */ = {
			isa = PBXNativeTarget;
			buildConfigurationList = 18CDEFD520A06B7F0016EBD2 /* Build configuration list for PBXNativeTarget "Goalpost" */;
			buildPhases = (
				18CDEFBC20A06B7E0016EBD2 /* Sources */,
				18CDEFBD20A06B7E0016EBD2 /* Frameworks */,
				18CDEFBE20A06B7E0016EBD2 /* Resources */,
			);
			buildRules = (
			);
			dependencies = (
			);
			name = Goalpost;
			productName = Goalpost;
			productReference = 18CDEFC020A06B7E0016EBD2 /* Goalpost.app */;
			productType = "com.apple.product-type.application";
		};
/* End PBXNativeTarget section */

/* Begin PBXProject section */
		18CDEFB820A06B7E0016EBD2 /* Project object */ = {
			isa = PBXProject;
			attributes = {
				LastSwiftUpdateCheck = 0900;
				LastUpgradeCheck = 0900;
				ORGANIZATIONNAME = "Hanisha Goyal";
				TargetAttributes = {
					18CDEFBF20A06B7E0016EBD2 = {
						CreatedOnToolsVersion = 9.0.1;
						ProvisioningStyle = Automatic;
					};
				};
			};
			buildConfigurationList = 18CDEFBB20A06B7E0016EBD2 /* Build configuration list for PBXProject "Goalpost" */;
			compatibilityVersion = "Xcode 8.0";
			developmentRegion = en;
			hasScannedForEncodings = 0;
			knownRegions = (
				en,
				Base,
			);
			mainGroup = 18CDEFB720A06B7E0016EBD2;
			productRefGroup = 18CDEFC120A06B7E0016EBD2 /* Products */;
			projectDirPath = "";
			projectRoot = "";
			targets = (
				18CDEFBF20A06B7E0016EBD2 /* Goalpost */,
			);
		};
/* End PBXProject section */

/* Begin PBXResourcesBuildPhase section */
		18CDEFBE20A06B7E0016EBD2 /* Resources */ = {
			isa = PBXResourcesBuildPhase;
			buildActionMask = 2147483647;
			files = (
				18CDEFD120A06B7F0016EBD2 /* LaunchScreen.storyboard in Resources */,
				18CDEFCE20A06B7F0016EBD2 /* Assets.xcassets in Resources */,
				18CDEFC920A06B7F0016EBD2 /* Main.storyboard in Resources */,
			);
			runOnlyForDeploymentPostprocessing = 0;
		};
/* End PBXResourcesBuildPhase section */

/* Begin PBXSourcesBuildPhase section */
		18CDEFBC20A06B7E0016EBD2 /* Sources */ = {
			isa = PBXSourcesBuildPhase;
			buildActionMask = 2147483647;
			files = (
				18CDEFE620A0BF5D0016EBD2 /* UIViewExtension.swift in Sources */,
				18CDEFE020A09FB80016EBD2 /* GoalType.swift in Sources */,
				1800046E20A17032003D35BD /* FinishGoalViewController.swift in Sources */,
				18CDEFE220A0A4BB0016EBD2 /* CreateGoalViewController.swift in Sources */,
				18CDEFE420A0B59F0016EBD2 /* UIViewControllerExtension.swift in Sources */,
				18CDEFDE20A095530016EBD2 /* GoalTableViewCell.swift in Sources */,
				18CDEFCC20A06B7F0016EBD2 /* Goalpost.xcdatamodeld in Sources */,
				18CDEFC620A06B7F0016EBD2 /* GoalViewController.swift in Sources */,
				18CDEFC420A06B7E0016EBD2 /* AppDelegate.swift in Sources */,
				18CDEFE820A0BF6B0016EBD2 /* UiButtonExtension.swift in Sources */,
			);
			runOnlyForDeploymentPostprocessing = 0;
		};
/* End PBXSourcesBuildPhase section */

/* Begin PBXVariantGroup section */
		18CDEFC720A06B7F0016EBD2 /* Main.storyboard */ = {
			isa = PBXVariantGroup;
			children = (
				18CDEFC820A06B7F0016EBD2 /* Base */,
			);
			name = Main.storyboard;
			sourceTree = "<group>";
		};
		18CDEFCF20A06B7F0016EBD2 /* LaunchScreen.storyboard */ = {
			isa = PBXVariantGroup;
			children = (
				18CDEFD020A06B7F0016EBD2 /* Base */,
			);
			name = LaunchScreen.storyboard;
			sourceTree = "<group>";
		};
/* End PBXVariantGroup section */

/* Begin XCBuildConfiguration section */
		18CDEFD320A06B7F0016EBD2 /* Debug */ = {
			isa = XCBuildConfiguration;
			buildSettings = {
				ALWAYS_SEARCH_USER_PATHS = NO;
				CLANG_ANALYZER_NONNULL = YES;
				CLANG_ANALYZER_NUMBER_OBJECT_CONVERSION = YES_AGGRESSIVE;
				CLANG_CXX_LANGUAGE_STANDARD = "gnu++14";
				CLANG_CXX_LIBRARY = "libc++";
				CLANG_ENABLE_MODULES = YES;
				CLANG_ENABLE_OBJC_ARC = YES;
				CLANG_WARN_BLOCK_CAPTURE_AUTORELEASING = YES;
				CLANG_WARN_BOOL_CONVERSION = YES;
				CLANG_WARN_COMMA = YES;
				CLANG_WARN_CONSTANT_CONVERSION = YES;
				CLANG_WARN_DIRECT_OBJC_ISA_USAGE = YES_ERROR;
				CLANG_WARN_DOCUMENTATION_COMMENTS = YES;
				CLANG_WARN_EMPTY_BODY = YES;
				CLANG_WARN_ENUM_CONVERSION = YES;
				CLANG_WARN_INFINITE_RECURSION = YES;
				CLANG_WARN_INT_CONVERSION = YES;
				CLANG_WARN_NON_LITERAL_NULL_CONVERSION = YES;
				CLANG_WARN_OBJC_LITERAL_CONVERSION = YES;
				CLANG_WARN_OBJC_ROOT_CLASS = YES_ERROR;
				CLANG_WARN_RANGE_LOOP_ANALYSIS = YES;
				CLANG_WARN_STRICT_PROTOTYPES = YES;
				CLANG_WARN_SUSPICIOUS_MOVE = YES;
				CLANG_WARN_UNGUARDED_AVAILABILITY = YES_AGGRESSIVE;
				CLANG_WARN_UNREACHABLE_CODE = YES;
				CLANG_WARN__DUPLICATE_METHOD_MATCH = YES;
				CODE_SIGN_IDENTITY = "";
				COPY_PHASE_STRIP = NO;
				DEBUG_INFORMATION_FORMAT = dwarf;
				ENABLE_STRICT_OBJC_MSGSEND = YES;
				ENABLE_TESTABILITY = YES;
				GCC_C_LANGUAGE_STANDARD = gnu11;
				GCC_DYNAMIC_NO_PIC = NO;
				GCC_NO_COMMON_BLOCKS = YES;
				GCC_OPTIMIZATION_LEVEL = 0;
				GCC_PREPROCESSOR_DEFINITIONS = (
					"DEBUG=1",
					"$(inherited)",
				);
				GCC_WARN_64_TO_32_BIT_CONVERSION = YES;
				GCC_WARN_ABOUT_RETURN_TYPE = YES_ERROR;
				GCC_WARN_UNDECLARED_SELECTOR = YES;
				GCC_WARN_UNINITIALIZED_AUTOS = YES_AGGRESSIVE;
				GCC_WARN_UNUSED_FUNCTION = YES;
				GCC_WARN_UNUSED_VARIABLE = YES;
				IPHONEOS_DEPLOYMENT_TARGET = 10.0;
				MTL_ENABLE_DEBUG_INFO = YES;
				ONLY_ACTIVE_ARCH = YES;
				SDKROOT = iphoneos;
				SWIFT_ACTIVE_COMPILATION_CONDITIONS = DEBUG;
				SWIFT_OPTIMIZATION_LEVEL = "-Onone";
			};
			name = Debug;
		};
		18CDEFD420A06B7F0016EBD2 /* Release */ = {
			isa = XCBuildConfiguration;
			buildSettings = {
				ALWAYS_SEARCH_USER_PATHS = NO;
				CLANG_ANALYZER_NONNULL = YES;
				CLANG_ANALYZER_NUMBER_OBJECT_CONVERSION = YES_AGGRESSIVE;
				CLANG_CXX_LANGUAGE_STANDARD = "gnu++14";
				CLANG_CXX_LIBRARY = "libc++";
				CLANG_ENABLE_MODULES = YES;
				CLANG_ENABLE_OBJC_ARC = YES;
				CLANG_WARN_BLOCK_CAPTURE_AUTORELEASING = YES;
				CLANG_WARN_BOOL_CONVERSION = YES;
				CLANG_WARN_COMMA = YES;
				CLANG_WARN_CONSTANT_CONVERSION = YES;
				CLANG_WARN_DIRECT_OBJC_ISA_USAGE = YES_ERROR;
				CLANG_WARN_DOCUMENTATION_COMMENTS = YES;
				CLANG_WARN_EMPTY_BODY = YES;
				CLANG_WARN_ENUM_CONVERSION = YES;
				CLANG_WARN_INFINITE_RECURSION = YES;
				CLANG_WARN_INT_CONVERSION = YES;
				CLANG_WARN_NON_LITERAL_NULL_CONVERSION = YES;
				CLANG_WARN_OBJC_LITERAL_CONVERSION = YES;
				CLANG_WARN_OBJC_ROOT_CLASS = YES_ERROR;
				CLANG_WARN_RANGE_LOOP_ANALYSIS = YES;
				CLANG_WARN_STRICT_PROTOTYPES = YES;
				CLANG_WARN_SUSPICIOUS_MOVE = YES;
				CLANG_WARN_UNGUARDED_AVAILABILITY = YES_AGGRESSIVE;
				CLANG_WARN_UNREACHABLE_CODE = YES;
				CLANG_WARN__DUPLICATE_METHOD_MATCH = YES;
				CODE_SIGN_IDENTITY = "";
				COPY_PHASE_STRIP = NO;
				DEBUG_INFORMATION_FORMAT = "dwarf-with-dsym";
				ENABLE_NS_ASSERTIONS = NO;
				ENABLE_STRICT_OBJC_MSGSEND = YES;
				GCC_C_LANGUAGE_STANDARD = gnu11;
				GCC_NO_COMMON_BLOCKS = YES;
				GCC_WARN_64_TO_32_BIT_CONVERSION = YES;
				GCC_WARN_ABOUT_RETURN_TYPE = YES_ERROR;
				GCC_WARN_UNDECLARED_SELECTOR = YES;
				GCC_WARN_UNINITIALIZED_AUTOS = YES_AGGRESSIVE;
				GCC_WARN_UNUSED_FUNCTION = YES;
				GCC_WARN_UNUSED_VARIABLE = YES;
				IPHONEOS_DEPLOYMENT_TARGET = 10.0;
				MTL_ENABLE_DEBUG_INFO = NO;
				SDKROOT = iphoneos;
				SWIFT_OPTIMIZATION_LEVEL = "-Owholemodule";
				VALIDATE_PRODUCT = YES;
			};
			name = Release;
		};
		18CDEFD620A06B7F0016EBD2 /* Debug */ = {
			isa = XCBuildConfiguration;
			buildSettings = {
				ASSETCATALOG_COMPILER_APPICON_NAME = AppIcon;
				CODE_SIGN_STYLE = Automatic;
				INFOPLIST_FILE = Goalpost/Info.plist;
				LD_RUNPATH_SEARCH_PATHS = "$(inherited) @executable_path/Frameworks";
				PRODUCT_BUNDLE_IDENTIFIER = hanisha.Goalpost;
				PRODUCT_NAME = "$(TARGET_NAME)";
				SWIFT_VERSION = 3.0;
				TARGETED_DEVICE_FAMILY = "1,2";
			};
			name = Debug;
		};
		18CDEFD720A06B7F0016EBD2 /* Release */ = {
			isa = XCBuildConfiguration;
			buildSettings = {
				ASSETCATALOG_COMPILER_APPICON_NAME = AppIcon;
				CODE_SIGN_STYLE = Automatic;
				INFOPLIST_FILE = Goalpost/Info.plist;
				LD_RUNPATH_SEARCH_PATHS = "$(inherited) @executable_path/Frameworks";
				PRODUCT_BUNDLE_IDENTIFIER = hanisha.Goalpost;
				PRODUCT_NAME = "$(TARGET_NAME)";
				SWIFT_VERSION = 3.0;
				TARGETED_DEVICE_FAMILY = "1,2";
			};
			name = Release;
		};
/* End XCBuildConfiguration section */

/* Begin XCConfigurationList section */
		18CDEFBB20A06B7E0016EBD2 /* Build configuration list for PBXProject "Goalpost" */ = {
			isa = XCConfigurationList;
			buildConfigurations = (
				18CDEFD320A06B7F0016EBD2 /* Debug */,
				18CDEFD420A06B7F0016EBD2 /* Release */,
			);
			defaultConfigurationIsVisible = 0;
			defaultConfigurationName = Release;
		};
		18CDEFD520A06B7F0016EBD2 /* Build configuration list for PBXNativeTarget "Goalpost" */ = {
			isa = XCConfigurationList;
			buildConfigurations = (
				18CDEFD620A06B7F0016EBD2 /* Debug */,
				18CDEFD720A06B7F0016EBD2 /* Release */,
			);
			defaultConfigurationIsVisible = 0;
			defaultConfigurationName = Release;
		};
/* End XCConfigurationList section */

/* Begin XCVersionGroup section */
		18CDEFCA20A06B7F0016EBD2 /* Goalpost.xcdatamodeld */ = {
			isa = XCVersionGroup;
			children = (
				18CDEFCB20A06B7F0016EBD2 /* Goalpost.xcdatamodel */,
			);
			currentVersion = 18CDEFCB20A06B7F0016EBD2 /* Goalpost.xcdatamodel */;
			path = Goalpost.xcdatamodeld;
			sourceTree = "<group>";
			versionGroupType = wrapper.xcdatamodel;
		};
/* End XCVersionGroup section */
	};
	rootObject = 18CDEFB820A06B7E0016EBD2 /* Project object */;
}
